<?xml version="1.0" encoding="utf-8"?>
<Project ToolsVersion="4.0" xmlns="http://schemas.microsoft.com/developer/msbuild/2003">
  <ItemGroup>
    <Filter Include="Исходные файлы">
      <UniqueIdentifier>{4FC737F1-C7A5-4376-A066-2A32D752A2FF}</UniqueIdentifier>
      <Extensions>cpp;c;cc;cxx;c++;cppm;ixx;def;odl;idl;hpj;bat;asm;asmx</Extensions>
    </Filter>
    <Filter Include="Файлы заголовков">
      <UniqueIdentifier>{93995380-89BD-4b04-88EB-625FBE52EBFB}</UniqueIdentifier>
      <Extensions>h;hh;hpp;hxx;h++;hm;inl;inc;ipp;xsd</Extensions>
    </Filter>
    <Filter Include="Файлы ресурсов">
      <UniqueIdentifier>{67DA6AB6-F800-4c08-8B7A-83BB121AAD01}</UniqueIdentifier>
      <Extensions>rc;ico;cur;bmp;dlg;rc2;rct;bin;rgs;gif;jpg;jpeg;jpe;resx;tiff;tif;png;wav;mfcribbon-ms</Extensions>
    </Filter>
    <Filter Include="math">
      <UniqueIdentifier>{a26c7da2-0ec4-4555-8674-023f410e7787}</UniqueIdentifier>
    </Filter>
    <Filter Include="logger">
      <UniqueIdentifier>{4a13ca97-9be7-4ddd-b604-ccaf5f3138a3}</UniqueIdentifier>
    </Filter>
    <Filter Include="init">
      <UniqueIdentifier>{ecd5987a-b7a8-4140-b733-e2fc9f7ca3eb}</UniqueIdentifier>
    </Filter>
    <Filter Include="render">
      <UniqueIdentifier>{20c1a72d-f9bb-48cb-8674-433670b8699b}</UniqueIdentifier>
    </Filter>
    <Filter Include="pgc">
      <UniqueIdentifier>{24140a25-8f69-4300-ac9e-2fc0755c4639}</UniqueIdentifier>
    </Filter>
    <Filter Include="pgc\deviceChecker">
      <UniqueIdentifier>{5abacc10-c187-4a64-9064-c98b4dcaacbd}</UniqueIdentifier>
    </Filter>
    <Filter Include="pgc\deviceRater">
      <UniqueIdentifier>{56d2917b-6803-43ed-b919-28078dba5fcc}</UniqueIdentifier>
    </Filter>
    <Filter Include="pgc\deviceWrapper">
      <UniqueIdentifier>{d52727b7-de87-496e-ad31-a4b4f3b623bd}</UniqueIdentifier>
    </Filter>
    <Filter Include="pgc\renderPass">
      <UniqueIdentifier>{2c3d8703-84d0-4a20-a9be-1b15cf9f59ea}</UniqueIdentifier>
    </Filter>
    <Filter Include="pgc\swapChain">
      <UniqueIdentifier>{dfc4bec6-3eec-498c-ba5e-4738c1c253f8}</UniqueIdentifier>
    </Filter>
    <Filter Include="pgc\descriptorSetLayout">
      <UniqueIdentifier>{63902bb7-9688-41a9-95ba-243be8fb4212}</UniqueIdentifier>
    </Filter>
    <Filter Include="pgc\resourcesCreater">
      <UniqueIdentifier>{6cff4c67-af37-4b8b-9468-5fbab3890a8d}</UniqueIdentifier>
    </Filter>
    <Filter Include="pgc\graphicsPipeline">
      <UniqueIdentifier>{eaaf8027-7a01-4552-97f3-588bfa5b0468}</UniqueIdentifier>
    </Filter>
    <Filter Include="pgc\shaderStagesLoader">
      <UniqueIdentifier>{22af9c39-b406-4e16-a9c4-5f9daa5e4cb0}</UniqueIdentifier>
    </Filter>
    <Filter Include="pgc\bufferWrapper">
      <UniqueIdentifier>{50abc52e-6619-411d-b3ef-25bdd72cc325}</UniqueIdentifier>
    </Filter>
    <Filter Include="pgc\descriptorSet">
      <UniqueIdentifier>{fa913751-899d-4c72-97ff-c076f4a0c3d8}</UniqueIdentifier>
    </Filter>
    <Filter Include="pgc\base">
      <UniqueIdentifier>{345ae278-d889-4aa8-a6e9-0fa2ff374906}</UniqueIdentifier>
    </Filter>
    <Filter Include="render\renderer">
      <UniqueIdentifier>{8724f297-e369-4494-aed9-f4bd0e87eaea}</UniqueIdentifier>
    </Filter>
    <Filter Include="ECS">
      <UniqueIdentifier>{a30449b4-0874-4067-bef7-879c48798530}</UniqueIdentifier>
    </Filter>
    <Filter Include="ECS\entity">
      <UniqueIdentifier>{5eb93861-75e7-4396-b4ad-68ac283bdd85}</UniqueIdentifier>
    </Filter>
    <Filter Include="ECS\component">
      <UniqueIdentifier>{137671f2-d23c-4ccd-b69c-535e8fdda8ca}</UniqueIdentifier>
    </Filter>
    <Filter Include="ECS\system">
      <UniqueIdentifier>{83f611dd-4693-4a70-b3d1-dcdd97552e9b}</UniqueIdentifier>
    </Filter>
    <Filter Include="stComponents">
      <UniqueIdentifier>{1d531cba-949d-481f-966c-01434f97225a}</UniqueIdentifier>
    </Filter>
    <Filter Include="pgc\vertex">
      <UniqueIdentifier>{7e67c3d1-e872-4108-a292-343ba99a204d}</UniqueIdentifier>
    </Filter>
    <Filter Include="pgc\textureManager">
      <UniqueIdentifier>{35f6a074-4461-4839-ba7c-4655f0441ad0}</UniqueIdentifier>
    </Filter>
    <Filter Include="pgc\meshManager">
      <UniqueIdentifier>{21ed911b-efb8-44d6-963a-0cfd62b79868}</UniqueIdentifier>
    </Filter>
    <Filter Include="pgc\meshLoader">
      <UniqueIdentifier>{bd6dfe6b-86af-453b-9ada-85aabf8a972e}</UniqueIdentifier>
    </Filter>
    <Filter Include="pgc\textureLoader">
      <UniqueIdentifier>{995ed1f7-4828-4f13-b9dc-76f1cde1e99b}</UniqueIdentifier>
    </Filter>
    <Filter Include="stSystems">
      <UniqueIdentifier>{100c9d80-a30f-49a2-99f8-d1207b625003}</UniqueIdentifier>
    </Filter>
    <Filter Include="ECS\scene">
      <UniqueIdentifier>{729752ad-bb95-4e6d-b3ea-5f627b74d74a}</UniqueIdentifier>
    </Filter>
    <Filter Include="render\window">
      <UniqueIdentifier>{e9d35436-deb3-46f7-8545-eddee21e1f7f}</UniqueIdentifier>
    </Filter>
  </ItemGroup>
  <ItemGroup>
    <ClCompile Include="src\fmath.cpp">
      <Filter>math</Filter>
    </ClCompile>
    <ClCompile Include="src\matrix.cpp">
      <Filter>math</Filter>
    </ClCompile>
    <ClCompile Include="src\vector.cpp">
      <Filter>math</Filter>
    </ClCompile>
    <ClCompile Include="src\PrismEngine.cpp">
      <Filter>Исходные файлы</Filter>
    </ClCompile>
    <ClCompile Include="src\logger.cpp">
      <Filter>logger</Filter>
    </ClCompile>
    <ClCompile Include="src\base.cpp">
      <Filter>pgc\base</Filter>
    </ClCompile>
    <ClCompile Include="src\deviceChecker.cpp">
      <Filter>pgc\deviceChecker</Filter>
    </ClCompile>
    <ClCompile Include="src\deviceRater.cpp">
      <Filter>pgc\deviceRater</Filter>
    </ClCompile>
    <ClCompile Include="src\renderPass.cpp">
      <Filter>pgc\renderPass</Filter>
    </ClCompile>
    <ClCompile Include="src\swapChain.cpp">
      <Filter>pgc\swapChain</Filter>
    </ClCompile>
    <ClCompile Include="src\descriptorSetLayout.cpp">
      <Filter>pgc\descriptorSetLayout</Filter>
    </ClCompile>
    <ClCompile Include="src\deviceWrapper.cpp">
      <Filter>pgc\deviceWrapper</Filter>
    </ClCompile>
    <ClCompile Include="src\resourcesCreater.cpp">
      <Filter>pgc\resourcesCreater</Filter>
    </ClCompile>
    <ClCompile Include="src\graphicsPipeline.cpp">
      <Filter>pgc\graphicsPipeline</Filter>
    </ClCompile>
    <ClCompile Include="src\shaderStagesLoader.cpp">
      <Filter>pgc\shaderStagesLoader</Filter>
    </ClCompile>
    <ClCompile Include="src\bufferWrapper.cpp">
      <Filter>pgc\bufferWrapper</Filter>
    </ClCompile>
    <ClCompile Include="src\descriptorSet.cpp">
      <Filter>pgc\descriptorSet</Filter>
    </ClCompile>
    <ClCompile Include="src\prismGraphicCore.cpp">
      <Filter>pgc</Filter>
    </ClCompile>
    <ClCompile Include="src\renderer.cpp">
      <Filter>render\renderer</Filter>
    </ClCompile>
    <ClCompile Include="src\entityManager.cpp">
      <Filter>ECS\entity</Filter>
    </ClCompile>
    <ClCompile Include="src\componentManager.cpp">
      <Filter>ECS\component</Filter>
    </ClCompile>
    <ClCompile Include="src\systemManager.cpp">
      <Filter>ECS\system</Filter>
    </ClCompile>
    <ClCompile Include="src\scene.cpp">
      <Filter>ECS\scene</Filter>
    </ClCompile>
    <ClCompile Include="src\vertex.cpp">
      <Filter>pgc\vertex</Filter>
    </ClCompile>
    <ClCompile Include="src\textureLoader.cpp">
      <Filter>pgc\textureLoader</Filter>
    </ClCompile>
    <ClCompile Include="src\textureManager.cpp">
      <Filter>pgc\textureManager</Filter>
    </ClCompile>
    <ClCompile Include="src\meshManager.cpp">
      <Filter>pgc\meshManager</Filter>
    </ClCompile>
    <ClCompile Include="src\meshLoader.cpp">
      <Filter>pgc\meshLoader</Filter>
    </ClCompile>
    <ClCompile Include="src\Window.cpp">
      <Filter>render\window</Filter>
    </ClCompile>
    <ClCompile Include="src\renderSystem.cpp">
      <Filter>stSystems</Filter>
    </ClCompile>
  </ItemGroup>
  <ItemGroup>
    <ClInclude Include="src\fmath.h">
      <Filter>math</Filter>
    </ClInclude>
    <ClInclude Include="src\matrix.h">
      <Filter>math</Filter>
    </ClInclude>
    <ClInclude Include="src\vector.h">
      <Filter>math</Filter>
    </ClInclude>
    <ClInclude Include="src\config.h">
      <Filter>Файлы заголовков</Filter>
    </ClInclude>
    <ClInclude Include="src\PrismEngine.h">
      <Filter>Файлы заголовков</Filter>
    </ClInclude>
    <ClInclude Include="src\logger.h">
      <Filter>logger</Filter>
    </ClInclude>
    <ClInclude Include="src\init.h">
      <Filter>init</Filter>
    </ClInclude>
    <ClInclude Include="src\stb_image.h">
      <Filter>Файлы заголовков</Filter>
    </ClInclude>
    <ClInclude Include="src\utils.h">
      <Filter>pgc</Filter>
    </ClInclude>
    <ClInclude Include="src\base.h">
      <Filter>pgc\base</Filter>
    </ClInclude>
    <ClInclude Include="src\deviceChecker.h">
      <Filter>pgc\deviceChecker</Filter>
    </ClInclude>
    <ClInclude Include="src\deviceRater.h">
      <Filter>pgc\deviceRater</Filter>
    </ClInclude>
    <ClInclude Include="src\renderPass.h">
      <Filter>pgc\renderPass</Filter>
    </ClInclude>
    <ClInclude Include="src\swapChain.h">
      <Filter>pgc\swapChain</Filter>
    </ClInclude>
    <ClInclude Include="src\descriptorSetLayout.h">
      <Filter>pgc\descriptorSetLayout</Filter>
    </ClInclude>
    <ClInclude Include="src\deviceWrapper.h">
      <Filter>pgc\deviceWrapper</Filter>
    </ClInclude>
    <ClInclude Include="src\resourcesCreater.h">
      <Filter>pgc\resourcesCreater</Filter>
    </ClInclude>
    <ClInclude Include="src\graphicsPipeline.h">
      <Filter>pgc\graphicsPipeline</Filter>
    </ClInclude>
    <ClInclude Include="src\shaderStagesLoader.h">
      <Filter>pgc\shaderStagesLoader</Filter>
    </ClInclude>
    <ClInclude Include="src\bufferWrapper.h">
      <Filter>pgc\bufferWrapper</Filter>
    </ClInclude>
    <ClInclude Include="src\descriptorSet.h">
      <Filter>pgc\descriptorSet</Filter>
    </ClInclude>
    <ClInclude Include="src\prismGraphicCore.h">
      <Filter>pgc</Filter>
    </ClInclude>
    <ClInclude Include="src\renderer.h">
      <Filter>render\renderer</Filter>
    </ClInclude>
    <ClInclude Include="src\entityManager.h">
      <Filter>ECS\entity</Filter>
    </ClInclude>
    <ClInclude Include="src\entity.h">
      <Filter>ECS\entity</Filter>
    </ClInclude>
    <ClInclude Include="src\component.h">
      <Filter>ECS\component</Filter>
    </ClInclude>
    <ClInclude Include="src\componentManager.h">
      <Filter>ECS\component</Filter>
    </ClInclude>
    <ClInclude Include="src\systemManager.h">
      <Filter>ECS\system</Filter>
    </ClInclude>
    <ClInclude Include="src\system.h">
      <Filter>ECS\system</Filter>
    </ClInclude>
    <ClInclude Include="src\scene.h">
      <Filter>ECS\scene</Filter>
    </ClInclude>
    <ClInclude Include="src\cameraComponent.h">
      <Filter>stComponents</Filter>
    </ClInclude>
    <ClInclude Include="src\transformComponent.h">
      <Filter>stComponents</Filter>
    </ClInclude>
    <ClInclude Include="src\ubo.h">
      <Filter>pgc</Filter>
    </ClInclude>
    <ClInclude Include="src\vertex.h">
      <Filter>pgc\vertex</Filter>
    </ClInclude>
    <ClInclude Include="src\texture.h">
      <Filter>pgc</Filter>
    </ClInclude>
    <ClInclude Include="src\textureLoader.h">
      <Filter>pgc\textureLoader</Filter>
    </ClInclude>
    <ClInclude Include="src\textureManager.h">
      <Filter>pgc\textureManager</Filter>
    </ClInclude>
    <ClInclude Include="src\meshManager.h">
      <Filter>pgc\meshManager</Filter>
    </ClInclude>
    <ClInclude Include="src\meshLoader.h">
      <Filter>pgc\meshLoader</Filter>
    </ClInclude>
    <ClInclude Include="src\mesh.h">
      <Filter>pgc</Filter>
    </ClInclude>
    <ClInclude Include="src\renderSystem.h">
      <Filter>stSystems</Filter>
    </ClInclude>
    <ClInclude Include="src\Window.h">
      <Filter>render\window</Filter>
    </ClInclude>
    <ClInclude Include="src\meshComponent.h">
      <Filter>stComponents</Filter>
    </ClInclude>
  </ItemGroup>
</Project>