<?xml version="1.0" encoding="utf-8"?>
<Project ToolsVersion="4.0" xmlns="http://schemas.microsoft.com/developer/msbuild/2003">
  <ItemGroup>
    <Filter Include="spinningСube">
      <UniqueIdentifier>{cac627e7-786e-4095-a3bb-42f10a407a96}</UniqueIdentifier>
    </Filter>
    <Filter Include="spinningPrism">
      <UniqueIdentifier>{0ccb9894-585b-47e5-b0de-fda565c8c397}</UniqueIdentifier>
    </Filter>
    <Filter Include="dancingNeonCubes">
      <UniqueIdentifier>{316f924a-0692-4b25-99e1-0695522650fb}</UniqueIdentifier>
    </Filter>
    <Filter Include="solarSystem">
      <UniqueIdentifier>{a4dea194-48dd-43a5-9f98-01cb32374078}</UniqueIdentifier>
    </Filter>
  </ItemGroup>
  <ItemGroup>
    <ClCompile Include="spinningCube\spinningСube.cpp">
      <Filter>spinningСube</Filter>
    </ClCompile>
    <ClCompile Include="examples.cpp" />
    <ClCompile Include="spinningPrism\spinningPrism.cpp">
      <Filter>spinningPrism</Filter>
    </ClCompile>
    <ClCompile Include="dancingNeonCubes\dancingNeonCubes.cpp">
      <Filter>dancingNeonCubes</Filter>
    </ClCompile>
    <ClCompile Include="solarSystem\solarSystem.cpp">
      <Filter>solarSystem</Filter>
    </ClCompile>
  </ItemGroup>
  <ItemGroup>
    <ClInclude Include="examples.h" />
  </ItemGroup>
</Project>